PODS:
  - SnapKit (5.0.1)
  - WPMediaPicker (1.7.2)

DEPENDENCIES:
  - SnapKit
  - WPMediaPicker

SPEC REPOS:
  trunk:
    - SnapKit
    - WPMediaPicker

SPEC CHECKSUMS:
  SnapKit: 97b92857e3df3a0c71833cce143274bf6ef8e5eb
  WPMediaPicker: d5ae9a83cd5cc0e4de46bfc1c59120aa86658bc3

PODFILE CHECKSUM: fd6e1d0615e9417e51c956462adc39d38e2b736d

COCOAPODS: 1.9.3
